// !$*UTF8*$!
{
	archiveVersion = 1;
	classes = {
	};
	objectVersion = 50;
	objects = {

/* Begin PBXBuildFile section */
		7A4890E621D51A40005CDFF2 /* AppDelegate.swift in Sources */ = {isa = PBXBuildFile; fileRef = 7A4890E521D51A40005CDFF2 /* AppDelegate.swift */; };
		7A4890E821D51A40005CDFF2 /* MessagesViewController.swift in Sources */ = {isa = PBXBuildFile; fileRef = 7A4890E721D51A40005CDFF2 /* MessagesViewController.swift */; };
		7A4890EB21D51A40005CDFF2 /* Main.storyboard in Resources */ = {isa = PBXBuildFile; fileRef = 7A4890E921D51A40005CDFF2 /* Main.storyboard */; };
		7A4890ED21D51A45005CDFF2 /* Assets.xcassets in Resources */ = {isa = PBXBuildFile; fileRef = 7A4890EC21D51A45005CDFF2 /* Assets.xcassets */; };
		7A4890F021D51A45005CDFF2 /* LaunchScreen.storyboard in Resources */ = {isa = PBXBuildFile; fileRef = 7A4890EE21D51A45005CDFF2 /* LaunchScreen.storyboard */; };
		7A4890F921D5209B005CDFF2 /* LogInViewController.swift in Sources */ = {isa = PBXBuildFile; fileRef = 7A4890F821D5209B005CDFF2 /* LogInViewController.swift */; };
		7A4890FF21D54669005CDFF2 /* GoogleService-Info.plist in Resources */ = {isa = PBXBuildFile; fileRef = 7A4890FE21D54669005CDFF2 /* GoogleService-Info.plist */; };
		7A48910121DAA053005CDFF2 /* NewMessageTableViewController.swift in Sources */ = {isa = PBXBuildFile; fileRef = 7A48910021DAA053005CDFF2 /* NewMessageTableViewController.swift */; };
		7A48910421DAA612005CDFF2 /* Users.swift in Sources */ = {isa = PBXBuildFile; fileRef = 7A48910321DAA612005CDFF2 /* Users.swift */; };
		7A48910621DAB294005CDFF2 /* LoginController+Handlers.swift in Sources */ = {isa = PBXBuildFile; fileRef = 7A48910521DAB294005CDFF2 /* LoginController+Handlers.swift */; };
		7A48910921DC0841005CDFF2 /* Extensions.swift in Sources */ = {isa = PBXBuildFile; fileRef = 7A48910821DC0841005CDFF2 /* Extensions.swift */; };
		9588D77D034C73CC5241CD5F /* Pods_chat.framework in Frameworks */ = {isa = PBXBuildFile; fileRef = 0CAB89E6F7F5E99DF8D61D8C /* Pods_chat.framework */; };
/* End PBXBuildFile section */

/* Begin PBXFileReference section */
		0CAB89E6F7F5E99DF8D61D8C /* Pods_chat.framework */ = {isa = PBXFileReference; explicitFileType = wrapper.framework; includeInIndex = 0; path = Pods_chat.framework; sourceTree = BUILT_PRODUCTS_DIR; };
		7A4890E221D51A40005CDFF2 /* chat.app */ = {isa = PBXFileReference; explicitFileType = wrapper.application; includeInIndex = 0; path = chat.app; sourceTree = BUILT_PRODUCTS_DIR; };
		7A4890E521D51A40005CDFF2 /* AppDelegate.swift */ = {isa = PBXFileReference; lastKnownFileType = sourcecode.swift; path = AppDelegate.swift; sourceTree = "<group>"; };
		7A4890E721D51A40005CDFF2 /* MessagesViewController.swift */ = {isa = PBXFileReference; lastKnownFileType = sourcecode.swift; path = MessagesViewController.swift; sourceTree = "<group>"; };
		7A4890EA21D51A40005CDFF2 /* Base */ = {isa = PBXFileReference; lastKnownFileType = file.storyboard; name = Base; path = Base.lproj/Main.storyboard; sourceTree = "<group>"; };
		7A4890EC21D51A45005CDFF2 /* Assets.xcassets */ = {isa = PBXFileReference; lastKnownFileType = folder.assetcatalog; path = Assets.xcassets; sourceTree = "<group>"; };
		7A4890EF21D51A45005CDFF2 /* Base */ = {isa = PBXFileReference; lastKnownFileType = file.storyboard; name = Base; path = Base.lproj/LaunchScreen.storyboard; sourceTree = "<group>"; };
		7A4890F121D51A45005CDFF2 /* Info.plist */ = {isa = PBXFileReference; lastKnownFileType = text.plist.xml; path = Info.plist; sourceTree = "<group>"; };
		7A4890F821D5209B005CDFF2 /* LogInViewController.swift */ = {isa = PBXFileReference; lastKnownFileType = sourcecode.swift; path = LogInViewController.swift; sourceTree = "<group>"; };
		7A4890FE21D54669005CDFF2 /* GoogleService-Info.plist */ = {isa = PBXFileReference; fileEncoding = 4; lastKnownFileType = text.plist.xml; path = "GoogleService-Info.plist"; sourceTree = "<group>"; };
		7A48910021DAA053005CDFF2 /* NewMessageTableViewController.swift */ = {isa = PBXFileReference; lastKnownFileType = sourcecode.swift; path = NewMessageTableViewController.swift; sourceTree = "<group>"; };
		7A48910321DAA612005CDFF2 /* Users.swift */ = {isa = PBXFileReference; lastKnownFileType = sourcecode.swift; path = Users.swift; sourceTree = "<group>"; };
		7A48910521DAB294005CDFF2 /* LoginController+Handlers.swift */ = {isa = PBXFileReference; lastKnownFileType = sourcecode.swift; path = "LoginController+Handlers.swift"; sourceTree = "<group>"; };
		7A48910821DC0841005CDFF2 /* Extensions.swift */ = {isa = PBXFileReference; lastKnownFileType = sourcecode.swift; path = Extensions.swift; sourceTree = "<group>"; };
		B580298EF7F291D4C26D9796 /* Pods-chat.debug.xcconfig */ = {isa = PBXFileReference; includeInIndex = 1; lastKnownFileType = text.xcconfig; name = "Pods-chat.debug.xcconfig"; path = "Target Support Files/Pods-chat/Pods-chat.debug.xcconfig"; sourceTree = "<group>"; };
		F27D71B4422006F4A9804603 /* Pods-chat.release.xcconfig */ = {isa = PBXFileReference; includeInIndex = 1; lastKnownFileType = text.xcconfig; name = "Pods-chat.release.xcconfig"; path = "Target Support Files/Pods-chat/Pods-chat.release.xcconfig"; sourceTree = "<group>"; };
/* End PBXFileReference section */

/* Begin PBXFrameworksBuildPhase section */
		7A4890DF21D51A40005CDFF2 /* Frameworks */ = {
			isa = PBXFrameworksBuildPhase;
			buildActionMask = 2147483647;
			files = (
				9588D77D034C73CC5241CD5F /* Pods_chat.framework in Frameworks */,
			);
			runOnlyForDeploymentPostprocessing = 0;
		};
/* End PBXFrameworksBuildPhase section */

/* Begin PBXGroup section */
		7A4890D921D51A40005CDFF2 = {
			isa = PBXGroup;
			children = (
				7A4890E421D51A40005CDFF2 /* chat */,
				7A4890E321D51A40005CDFF2 /* Products */,
				F7E66F31E645211FAD94E91C /* Pods */,
				D6AEF8369627B689C21D0C44 /* Frameworks */,
			);
			sourceTree = "<group>";
		};
		7A4890E321D51A40005CDFF2 /* Products */ = {
			isa = PBXGroup;
			children = (
				7A4890E221D51A40005CDFF2 /* chat.app */,
			);
			name = Products;
			sourceTree = "<group>";
		};
		7A4890E421D51A40005CDFF2 /* chat */ = {
			isa = PBXGroup;
			children = (
				7A48910721DC0826005CDFF2 /* Helpers */,
				7A48910221DAA5F2005CDFF2 /* Model */,
				7A4890F721D52046005CDFF2 /* Controller */,
				7A4890E521D51A40005CDFF2 /* AppDelegate.swift */,
				7A4890E921D51A40005CDFF2 /* Main.storyboard */,
				7A4890EC21D51A45005CDFF2 /* Assets.xcassets */,
				7A4890EE21D51A45005CDFF2 /* LaunchScreen.storyboard */,
				7A4890F121D51A45005CDFF2 /* Info.plist */,
				7A4890FE21D54669005CDFF2 /* GoogleService-Info.plist */,
			);
			path = chat;
			sourceTree = "<group>";
		};
		7A4890F721D52046005CDFF2 /* Controller */ = {
			isa = PBXGroup;
			children = (
				7A4890F821D5209B005CDFF2 /* LogInViewController.swift */,
				7A48910521DAB294005CDFF2 /* LoginController+Handlers.swift */,
				7A4890E721D51A40005CDFF2 /* MessagesViewController.swift */,
				7A48910021DAA053005CDFF2 /* NewMessageTableViewController.swift */,
			);
			path = Controller;
			sourceTree = "<group>";
		};
		7A48910221DAA5F2005CDFF2 /* Model */ = {
			isa = PBXGroup;
			children = (
				7A48910321DAA612005CDFF2 /* Users.swift */,
			);
			path = Model;
			sourceTree = "<group>";
		};
		7A48910721DC0826005CDFF2 /* Helpers */ = {
			isa = PBXGroup;
			children = (
				7A48910821DC0841005CDFF2 /* Extensions.swift */,
			);
			path = Helpers;
			sourceTree = "<group>";
		};
		D6AEF8369627B689C21D0C44 /* Frameworks */ = {
			isa = PBXGroup;
			children = (
				0CAB89E6F7F5E99DF8D61D8C /* Pods_chat.framework */,
			);
			name = Frameworks;
			sourceTree = "<group>";
		};
		F7E66F31E645211FAD94E91C /* Pods */ = {
			isa = PBXGroup;
			children = (
				B580298EF7F291D4C26D9796 /* Pods-chat.debug.xcconfig */,
				F27D71B4422006F4A9804603 /* Pods-chat.release.xcconfig */,
			);
			path = Pods;
			sourceTree = "<group>";
		};
/* End PBXGroup section */

/* Begin PBXNativeTarget section */
		7A4890E121D51A40005CDFF2 /* chat */ = {
			isa = PBXNativeTarget;
			buildConfigurationList = 7A4890F421D51A45005CDFF2 /* Build configuration list for PBXNativeTarget "chat" */;
			buildPhases = (
				7A267B5FBE721D81E85699C2 /* [CP] Check Pods Manifest.lock */,
				7A4890DE21D51A40005CDFF2 /* Sources */,
				7A4890DF21D51A40005CDFF2 /* Frameworks */,
				7A4890E021D51A40005CDFF2 /* Resources */,
				3232DBABAE9349EC693D7EC6 /* [CP] Embed Pods Frameworks */,
			);
			buildRules = (
			);
			dependencies = (
			);
			name = chat;
			productName = chat;
			productReference = 7A4890E221D51A40005CDFF2 /* chat.app */;
			productType = "com.apple.product-type.application";
		};
/* End PBXNativeTarget section */

/* Begin PBXProject section */
		7A4890DA21D51A40005CDFF2 /* Project object */ = {
			isa = PBXProject;
			attributes = {
				LastSwiftUpdateCheck = 1010;
				LastUpgradeCheck = 1010;
				ORGANIZATIONNAME = "Nelson Gonzalez";
				TargetAttributes = {
					7A4890E121D51A40005CDFF2 = {
						CreatedOnToolsVersion = 10.1;
					};
				};
			};
			buildConfigurationList = 7A4890DD21D51A40005CDFF2 /* Build configuration list for PBXProject "chat" */;
			compatibilityVersion = "Xcode 9.3";
			developmentRegion = en;
			hasScannedForEncodings = 0;
			knownRegions = (
				en,
				Base,
			);
			mainGroup = 7A4890D921D51A40005CDFF2;
			productRefGroup = 7A4890E321D51A40005CDFF2 /* Products */;
			projectDirPath = "";
			projectRoot = "";
			targets = (
				7A4890E121D51A40005CDFF2 /* chat */,
			);
		};
/* End PBXProject section */

/* Begin PBXResourcesBuildPhase section */
		7A4890E021D51A40005CDFF2 /* Resources */ = {
			isa = PBXResourcesBuildPhase;
			buildActionMask = 2147483647;
			files = (
				7A4890F021D51A45005CDFF2 /* LaunchScreen.storyboard in Resources */,
				7A4890ED21D51A45005CDFF2 /* Assets.xcassets in Resources */,
				7A4890EB21D51A40005CDFF2 /* Main.storyboard in Resources */,
				7A4890FF21D54669005CDFF2 /* GoogleService-Info.plist in Resources */,
			);
			runOnlyForDeploymentPostprocessing = 0;
		};
/* End PBXResourcesBuildPhase section */

/* Begin PBXShellScriptBuildPhase section */
		3232DBABAE9349EC693D7EC6 /* [CP] Embed Pods Frameworks */ = {
			isa = PBXShellScriptBuildPhase;
			buildActionMask = 2147483647;
			files = (
			);
			inputFileListPaths = (
			);
			inputPaths = (
				"${PODS_ROOT}/Target Support Files/Pods-chat/Pods-chat-frameworks.sh",
				"${BUILT_PRODUCTS_DIR}/GTMSessionFetcher/GTMSessionFetcher.framework",
				"${BUILT_PRODUCTS_DIR}/GoogleUtilities/GoogleUtilities.framework",
				"${BUILT_PRODUCTS_DIR}/leveldb-library/leveldb.framework",
			);
			name = "[CP] Embed Pods Frameworks";
			outputFileListPaths = (
			);
			outputPaths = (
				"${TARGET_BUILD_DIR}/${FRAMEWORKS_FOLDER_PATH}/GTMSessionFetcher.framework",
				"${TARGET_BUILD_DIR}/${FRAMEWORKS_FOLDER_PATH}/GoogleUtilities.framework",
				"${TARGET_BUILD_DIR}/${FRAMEWORKS_FOLDER_PATH}/leveldb.framework",
			);
			runOnlyForDeploymentPostprocessing = 0;
			shellPath = /bin/sh;
			shellScript = "\"${PODS_ROOT}/Target Support Files/Pods-chat/Pods-chat-frameworks.sh\"\n";
			showEnvVarsInLog = 0;
		};
		7A267B5FBE721D81E85699C2 /* [CP] Check Pods Manifest.lock */ = {
			isa = PBXShellScriptBuildPhase;
			buildActionMask = 2147483647;
			files = (
			);
			inputFileListPaths = (
			);
			inputPaths = (
				"${PODS_PODFILE_DIR_PATH}/Podfile.lock",
				"${PODS_ROOT}/Manifest.lock",
			);
			name = "[CP] Check Pods Manifest.lock";
			outputFileListPaths = (
			);
			outputPaths = (
				"$(DERIVED_FILE_DIR)/Pods-chat-checkManifestLockResult.txt",
			);
			runOnlyForDeploymentPostprocessing = 0;
			shellPath = /bin/sh;
			shellScript = "diff \"${PODS_PODFILE_DIR_PATH}/Podfile.lock\" \"${PODS_ROOT}/Manifest.lock\" > /dev/null\nif [ $? != 0 ] ; then\n    # print error to STDERR\n    echo \"error: The sandbox is not in sync with the Podfile.lock. Run 'pod install' or update your CocoaPods installation.\" >&2\n    exit 1\nfi\n# This output is used by Xcode 'outputs' to avoid re-running this script phase.\necho \"SUCCESS\" > \"${SCRIPT_OUTPUT_FILE_0}\"\n";
			showEnvVarsInLog = 0;
		};
/* End PBXShellScriptBuildPhase section */

/* Begin PBXSourcesBuildPhase section */
		7A4890DE21D51A40005CDFF2 /* Sources */ = {
			isa = PBXSourcesBuildPhase;
			buildActionMask = 2147483647;
			files = (
				7A48910621DAB294005CDFF2 /* LoginController+Handlers.swift in Sources */,
				7A48910121DAA053005CDFF2 /* NewMessageTableViewController.swift in Sources */,
				7A4890E821D51A40005CDFF2 /* MessagesViewController.swift in Sources */,
				7A48910421DAA612005CDFF2 /* Users.swift in Sources */,
				7A4890E621D51A40005CDFF2 /* AppDelegate.swift in Sources */,
				7A4890F921D5209B005CDFF2 /* LogInViewController.swift in Sources */,
				7A48910921DC0841005CDFF2 /* Extensions.swift in Sources */,
			);
			runOnlyForDeploymentPostprocessing = 0;
		};
/* End PBXSourcesBuildPhase section */

/* Begin PBXVariantGroup section */
		7A4890E921D51A40005CDFF2 /* Main.storyboard */ = {
			isa = PBXVariantGroup;
			children = (
				7A4890EA21D51A40005CDFF2 /* Base */,
			);
			name = Main.storyboard;
			sourceTree = "<group>";
		};
		7A4890EE21D51A45005CDFF2 /* LaunchScreen.storyboard */ = {
			isa = PBXVariantGroup;
			children = (
				7A4890EF21D51A45005CDFF2 /* Base */,
			);
			name = LaunchScreen.storyboard;
			sourceTree = "<group>";
		};
/* End PBXVariantGroup section */

/* Begin XCBuildConfiguration section */
		7A4890F221D51A45005CDFF2 /* Debug */ = {
			isa = XCBuildConfiguration;
			buildSettings = {
				ALWAYS_SEARCH_USER_PATHS = NO;
				CLANG_ANALYZER_NONNULL = YES;
				CLANG_ANALYZER_NUMBER_OBJECT_CONVERSION = YES_AGGRESSIVE;
				CLANG_CXX_LANGUAGE_STANDARD = "gnu++14";
				CLANG_CXX_LIBRARY = "libc++";
				CLANG_ENABLE_MODULES = YES;
				CLANG_ENABLE_OBJC_ARC = YES;
				CLANG_ENABLE_OBJC_WEAK = YES;
				CLANG_WARN_BLOCK_CAPTURE_AUTORELEASING = YES;
				CLANG_WARN_BOOL_CONVERSION = YES;
				CLANG_WARN_COMMA = YES;
				CLANG_WARN_CONSTANT_CONVERSION = YES;
				CLANG_WARN_DEPRECATED_OBJC_IMPLEMENTATIONS = YES;
				CLANG_WARN_DIRECT_OBJC_ISA_USAGE = YES_ERROR;
				CLANG_WARN_DOCUMENTATION_COMMENTS = YES;
				CLANG_WARN_EMPTY_BODY = YES;
				CLANG_WARN_ENUM_CONVERSION = YES;
				CLANG_WARN_INFINITE_RECURSION = YES;
				CLANG_WARN_INT_CONVERSION = YES;
				CLANG_WARN_NON_LITERAL_NULL_CONVERSION = YES;
				CLANG_WARN_OBJC_IMPLICIT_RETAIN_SELF = YES;
				CLANG_WARN_OBJC_LITERAL_CONVERSION = YES;
				CLANG_WARN_OBJC_ROOT_CLASS = YES_ERROR;
				CLANG_WARN_RANGE_LOOP_ANALYSIS = YES;
				CLANG_WARN_STRICT_PROTOTYPES = YES;
				CLANG_WARN_SUSPICIOUS_MOVE = YES;
				CLANG_WARN_UNGUARDED_AVAILABILITY = YES_AGGRESSIVE;
				CLANG_WARN_UNREACHABLE_CODE = YES;
				CLANG_WARN__DUPLICATE_METHOD_MATCH = YES;
				CODE_SIGN_IDENTITY = "iPhone Developer";
				COPY_PHASE_STRIP = NO;
				DEBUG_INFORMATION_FORMAT = dwarf;
				ENABLE_STRICT_OBJC_MSGSEND = YES;
				ENABLE_TESTABILITY = YES;
				GCC_C_LANGUAGE_STANDARD = gnu11;
				GCC_DYNAMIC_NO_PIC = NO;
				GCC_NO_COMMON_BLOCKS = YES;
				GCC_OPTIMIZATION_LEVEL = 0;
				GCC_PREPROCESSOR_DEFINITIONS = (
					"DEBUG=1",
					"$(inherited)",
				);
				GCC_WARN_64_TO_32_BIT_CONVERSION = YES;
				GCC_WARN_ABOUT_RETURN_TYPE = YES_ERROR;
				GCC_WARN_UNDECLARED_SELECTOR = YES;
				GCC_WARN_UNINITIALIZED_AUTOS = YES_AGGRESSIVE;
				GCC_WARN_UNUSED_FUNCTION = YES;
				GCC_WARN_UNUSED_VARIABLE = YES;
				IPHONEOS_DEPLOYMENT_TARGET = 12.1;
				MTL_ENABLE_DEBUG_INFO = INCLUDE_SOURCE;
				MTL_FAST_MATH = YES;
				ONLY_ACTIVE_ARCH = YES;
				SDKROOT = iphoneos;
				SWIFT_ACTIVE_COMPILATION_CONDITIONS = DEBUG;
				SWIFT_OPTIMIZATION_LEVEL = "-Onone";
			};
			name = Debug;
		};
		7A4890F321D51A45005CDFF2 /* Release */ = {
			isa = XCBuildConfiguration;
			buildSettings = {
				ALWAYS_SEARCH_USER_PATHS = NO;
				CLANG_ANALYZER_NONNULL = YES;
				CLANG_ANALYZER_NUMBER_OBJECT_CONVERSION = YES_AGGRESSIVE;
				CLANG_CXX_LANGUAGE_STANDARD = "gnu++14";
				CLANG_CXX_LIBRARY = "libc++";
				CLANG_ENABLE_MODULES = YES;
				CLANG_ENABLE_OBJC_ARC = YES;
				CLANG_ENABLE_OBJC_WEAK = YES;
				CLANG_WARN_BLOCK_CAPTURE_AUTORELEASING = YES;
				CLANG_WARN_BOOL_CONVERSION = YES;
				CLANG_WARN_COMMA = YES;
				CLANG_WARN_CONSTANT_CONVERSION = YES;
				CLANG_WARN_DEPRECATED_OBJC_IMPLEMENTATIONS = YES;
				CLANG_WARN_DIRECT_OBJC_ISA_USAGE = YES_ERROR;
				CLANG_WARN_DOCUMENTATION_COMMENTS = YES;
				CLANG_WARN_EMPTY_BODY = YES;
				CLANG_WARN_ENUM_CONVERSION = YES;
				CLANG_WARN_INFINITE_RECURSION = YES;
				CLANG_WARN_INT_CONVERSION = YES;
				CLANG_WARN_NON_LITERAL_NULL_CONVERSION = YES;
				CLANG_WARN_OBJC_IMPLICIT_RETAIN_SELF = YES;
				CLANG_WARN_OBJC_LITERAL_CONVERSION = YES;
				CLANG_WARN_OBJC_ROOT_CLASS = YES_ERROR;
				CLANG_WARN_RANGE_LOOP_ANALYSIS = YES;
				CLANG_WARN_STRICT_PROTOTYPES = YES;
				CLANG_WARN_SUSPICIOUS_MOVE = YES;
				CLANG_WARN_UNGUARDED_AVAILABILITY = YES_AGGRESSIVE;
				CLANG_WARN_UNREACHABLE_CODE = YES;
				CLANG_WARN__DUPLICATE_METHOD_MATCH = YES;
				CODE_SIGN_IDENTITY = "iPhone Developer";
				COPY_PHASE_STRIP = NO;
				DEBUG_INFORMATION_FORMAT = "dwarf-with-dsym";
				ENABLE_NS_ASSERTIONS = NO;
				ENABLE_STRICT_OBJC_MSGSEND = YES;
				GCC_C_LANGUAGE_STANDARD = gnu11;
				GCC_NO_COMMON_BLOCKS = YES;
				GCC_WARN_64_TO_32_BIT_CONVERSION = YES;
				GCC_WARN_ABOUT_RETURN_TYPE = YES_ERROR;
				GCC_WARN_UNDECLARED_SELECTOR = YES;
				GCC_WARN_UNINITIALIZED_AUTOS = YES_AGGRESSIVE;
				GCC_WARN_UNUSED_FUNCTION = YES;
				GCC_WARN_UNUSED_VARIABLE = YES;
				IPHONEOS_DEPLOYMENT_TARGET = 12.1;
				MTL_ENABLE_DEBUG_INFO = NO;
				MTL_FAST_MATH = YES;
				SDKROOT = iphoneos;
				SWIFT_COMPILATION_MODE = wholemodule;
				SWIFT_OPTIMIZATION_LEVEL = "-O";
				VALIDATE_PRODUCT = YES;
			};
			name = Release;
		};
		7A4890F521D51A45005CDFF2 /* Debug */ = {
			isa = XCBuildConfiguration;
			baseConfigurationReference = B580298EF7F291D4C26D9796 /* Pods-chat.debug.xcconfig */;
			buildSettings = {
				ASSETCATALOG_COMPILER_APPICON_NAME = AppIcon;
				CODE_SIGN_STYLE = Automatic;
				DEVELOPMENT_TEAM = ZD9LN99SX6;
				INFOPLIST_FILE = chat/Info.plist;
				LD_RUNPATH_SEARCH_PATHS = (
					"$(inherited)",
					"@executable_path/Frameworks",
				);
				PRODUCT_BUNDLE_IDENTIFIER = com.nelsongonzalez.chat;
				PRODUCT_NAME = "$(TARGET_NAME)";
				SWIFT_VERSION = 4.2;
				TARGETED_DEVICE_FAMILY = "1,2";
			};
			name = Debug;
		};
		7A4890F621D51A45005CDFF2 /* Release */ = {
			isa = XCBuildConfiguration;
			baseConfigurationReference = F27D71B4422006F4A9804603 /* Pods-chat.release.xcconfig */;
			buildSettings = {
				ASSETCATALOG_COMPILER_APPICON_NAME = AppIcon;
				CODE_SIGN_STYLE = Automatic;
				DEVELOPMENT_TEAM = ZD9LN99SX6;
				INFOPLIST_FILE = chat/Info.plist;
				LD_RUNPATH_SEARCH_PATHS = (
					"$(inherited)",
					"@executable_path/Frameworks",
				);
				PRODUCT_BUNDLE_IDENTIFIER = com.nelsongonzalez.chat;
				PRODUCT_NAME = "$(TARGET_NAME)";
				SWIFT_VERSION = 4.2;
				TARGETED_DEVICE_FAMILY = "1,2";
			};
			name = Release;
		};
/* End XCBuildConfiguration section */

/* Begin XCConfigurationList section */
		7A4890DD21D51A40005CDFF2 /* Build configuration list for PBXProject "chat" */ = {
			isa = XCConfigurationList;
			buildConfigurations = (
				7A4890F221D51A45005CDFF2 /* Debug */,
				7A4890F321D51A45005CDFF2 /* Release */,
			);
			defaultConfigurationIsVisible = 0;
			defaultConfigurationName = Release;
		};
		7A4890F421D51A45005CDFF2 /* Build configuration list for PBXNativeTarget "chat" */ = {
			isa = XCConfigurationList;
			buildConfigurations = (
				7A4890F521D51A45005CDFF2 /* Debug */,
				7A4890F621D51A45005CDFF2 /* Release */,
			);
			defaultConfigurationIsVisible = 0;
			defaultConfigurationName = Release;
		};
/* End XCConfigurationList section */
	};
	rootObject = 7A4890DA21D51A40005CDFF2 /* Project object */;
}
